# This is a Gradle generated file for dependency locking.
# Manual edits can break the build and are not advised.
# This file is expected to be part of source control.
jakarta.ws.rs:jakarta.ws.rs-api:3.1.0=compileClasspath
org.keycloak:keycloak-common:26.7.3=compileClasspath
org.keycloak:keycloak-core:26.7.3=compileClasspath
org.keycloak:keycloak-server-spi-private:26.7.3=compileClasspath
org.keycloak:keycloak-server-spi:26.7.3=compileClasspath
org.keycloak:keycloak-services:26.7.3=compileClasspath
empty=annotationProcessor,runtimeClasspath,testAnnotationProcessor,testCompileClasspath,testRuntimeClasspath
